// !$*UTF8*$!
{
	archiveVersion = 1;
	classes = {
	};
	objectVersion = 50;
	objects = {

/* Begin PBXBuildFile section */
		05297F5121677E2F00AC6348 /* AppDelegate.swift in Sources */ = {isa = PBXBuildFile; fileRef = 05297F5021677E2F00AC6348 /* AppDelegate.swift */; };
		05297F5621677E2F00AC6348 /* Main.storyboard in Resources */ = {isa = PBXBuildFile; fileRef = 05297F5421677E2F00AC6348 /* Main.storyboard */; };
		05297F5821677E3100AC6348 /* Assets.xcassets in Resources */ = {isa = PBXBuildFile; fileRef = 05297F5721677E3100AC6348 /* Assets.xcassets */; };
		05297F5B21677E3100AC6348 /* LaunchScreen.storyboard in Resources */ = {isa = PBXBuildFile; fileRef = 05297F5921677E3100AC6348 /* LaunchScreen.storyboard */; };
		05297FC12167965800AC6348 /* FloatPriceFromat.swift in Sources */ = {isa = PBXBuildFile; fileRef = 05297F722167965800AC6348 /* FloatPriceFromat.swift */; };
		05297FC22167965800AC6348 /* StringUtils.swift in Sources */ = {isa = PBXBuildFile; fileRef = 05297F732167965800AC6348 /* StringUtils.swift */; };
		05297FC52167965800AC6348 /* NSDateHelper.swift in Sources */ = {isa = PBXBuildFile; fileRef = 05297F772167965800AC6348 /* NSDateHelper.swift */; };
		05297FC62167965800AC6348 /* UIViewControllerExtension.swift in Sources */ = {isa = PBXBuildFile; fileRef = 05297F782167965800AC6348 /* UIViewControllerExtension.swift */; };
		05297FC72167965800AC6348 /* UIBarButtonItemDefaultButtons.swift in Sources */ = {isa = PBXBuildFile; fileRef = 05297F792167965800AC6348 /* UIBarButtonItemDefaultButtons.swift */; };
		05297FC82167965800AC6348 /* UIViewExtensions.swift in Sources */ = {isa = PBXBuildFile; fileRef = 05297F7A2167965800AC6348 /* UIViewExtensions.swift */; };
		05297FC92167965800AC6348 /* StringToDate.swift in Sources */ = {isa = PBXBuildFile; fileRef = 05297F7B2167965800AC6348 /* StringToDate.swift */; };
		05297FCA2167965800AC6348 /* NSObjectExtensions.swift in Sources */ = {isa = PBXBuildFile; fileRef = 05297F7C2167965800AC6348 /* NSObjectExtensions.swift */; };
		05297FCB2167965800AC6348 /* UINavigationControllerAdditions.swift in Sources */ = {isa = PBXBuildFile; fileRef = 05297F7D2167965800AC6348 /* UINavigationControllerAdditions.swift */; };
		05297FEB2167965800AC6348 /* StoryboardsEnum.swift in Sources */ = {isa = PBXBuildFile; fileRef = 05297FB12167965800AC6348 /* StoryboardsEnum.swift */; };
		052980052167978B00AC6348 /* ApplicationCoordinator.swift in Sources */ = {isa = PBXBuildFile; fileRef = 05297FF32167978B00AC6348 /* ApplicationCoordinator.swift */; };
		052980062167978B00AC6348 /* BaseCoordinator.swift in Sources */ = {isa = PBXBuildFile; fileRef = 05297FF42167978B00AC6348 /* BaseCoordinator.swift */; };
		052980082167978B00AC6348 /* DrawerCoordinator.swift in Sources */ = {isa = PBXBuildFile; fileRef = 05297FF92167978B00AC6348 /* DrawerCoordinator.swift */; };
		052980092167978B00AC6348 /* AuthCoordinator.swift in Sources */ = {isa = PBXBuildFile; fileRef = 05297FFB2167978B00AC6348 /* AuthCoordinator.swift */; };
		0529800A2167978B00AC6348 /* Coordinator.swift in Sources */ = {isa = PBXBuildFile; fileRef = 05297FFC2167978B00AC6348 /* Coordinator.swift */; };
		0529800B2167978B00AC6348 /* AppRouter.swift in Sources */ = {isa = PBXBuildFile; fileRef = 05297FFF2167978B00AC6348 /* AppRouter.swift */; };
		0529800C2167978B00AC6348 /* NavRouter.swift in Sources */ = {isa = PBXBuildFile; fileRef = 052980002167978B00AC6348 /* NavRouter.swift */; };
		0529800D2167978B00AC6348 /* AppRouterImp.swift in Sources */ = {isa = PBXBuildFile; fileRef = 052980012167978B00AC6348 /* AppRouterImp.swift */; };
		0529800E2167978B00AC6348 /* SlideRouter.swift in Sources */ = {isa = PBXBuildFile; fileRef = 052980022167978B00AC6348 /* SlideRouter.swift */; };
		0529800F2167978B00AC6348 /* Router.swift in Sources */ = {isa = PBXBuildFile; fileRef = 052980032167978B00AC6348 /* Router.swift */; };
		052980102167978B00AC6348 /* Presentable.swift in Sources */ = {isa = PBXBuildFile; fileRef = 052980042167978B00AC6348 /* Presentable.swift */; };
		0529801A216798AC00AC6348 /* BaseModulFactoryImp.swift in Sources */ = {isa = PBXBuildFile; fileRef = 05298013216798AC00AC6348 /* BaseModulFactoryImp.swift */; };
		0529801B216798AC00AC6348 /* AuthModuleFactoryImp.swift in Sources */ = {isa = PBXBuildFile; fileRef = 05298014216798AC00AC6348 /* AuthModuleFactoryImp.swift */; };
		0529801C216798AC00AC6348 /* CoordinatorFactoryImp.swift in Sources */ = {isa = PBXBuildFile; fileRef = 05298015216798AC00AC6348 /* CoordinatorFactoryImp.swift */; };
		0529801D216798AC00AC6348 /* BaseModulFactory.swift in Sources */ = {isa = PBXBuildFile; fileRef = 05298017216798AC00AC6348 /* BaseModulFactory.swift */; };
		0529801E216798AC00AC6348 /* AutModulFactory.swift in Sources */ = {isa = PBXBuildFile; fileRef = 05298018216798AC00AC6348 /* AutModulFactory.swift */; };
		0529801F216798AC00AC6348 /* CoordinatorFactory.swift in Sources */ = {isa = PBXBuildFile; fileRef = 05298019216798AC00AC6348 /* CoordinatorFactory.swift */; };
		05298022216799F100AC6348 /* InitialViewController.swift in Sources */ = {isa = PBXBuildFile; fileRef = 05298021216799F100AC6348 /* InitialViewController.swift */; };
		0529802421679A0400AC6348 /* SignUpViewController.swift in Sources */ = {isa = PBXBuildFile; fileRef = 0529802321679A0400AC6348 /* SignUpViewController.swift */; };
		0529802621679A1E00AC6348 /* SignInViewController.swift in Sources */ = {isa = PBXBuildFile; fileRef = 0529802521679A1E00AC6348 /* SignInViewController.swift */; };
		0529802921679BA500AC6348 /* Login.storyboard in Resources */ = {isa = PBXBuildFile; fileRef = 0529802721679BA500AC6348 /* Login.storyboard */; };
		0529802C2167B22400AC6348 /* HomeViewController.swift in Sources */ = {isa = PBXBuildFile; fileRef = 0529802B2167B22400AC6348 /* HomeViewController.swift */; };
		0529802E2167B32000AC6348 /* FolderViewController.swift in Sources */ = {isa = PBXBuildFile; fileRef = 0529802D2167B32000AC6348 /* FolderViewController.swift */; };
		052980302167B37F00AC6348 /* MenuItem.swift in Sources */ = {isa = PBXBuildFile; fileRef = 0529802F2167B37F00AC6348 /* MenuItem.swift */; };
		052980322167BE0800AC6348 /* MenuViewController.swift in Sources */ = {isa = PBXBuildFile; fileRef = 052980312167BE0800AC6348 /* MenuViewController.swift */; };
		052980352167BE5600AC6348 /* AppConstants.swift in Sources */ = {isa = PBXBuildFile; fileRef = 052980342167BE5600AC6348 /* AppConstants.swift */; };
		052980422167C09100AC6348 /* OpenSans-Semibold.ttf in Resources */ = {isa = PBXBuildFile; fileRef = 052980382167C09000AC6348 /* OpenSans-Semibold.ttf */; };
		052980432167C09100AC6348 /* OpenSans-Light.ttf in Resources */ = {isa = PBXBuildFile; fileRef = 052980392167C09000AC6348 /* OpenSans-Light.ttf */; };
		052980442167C09100AC6348 /* OpenSans-Italic.ttf in Resources */ = {isa = PBXBuildFile; fileRef = 0529803A2167C09000AC6348 /* OpenSans-Italic.ttf */; };
		052980452167C09100AC6348 /* OpenSans-ExtraBold.ttf in Resources */ = {isa = PBXBuildFile; fileRef = 0529803B2167C09000AC6348 /* OpenSans-ExtraBold.ttf */; };
		052980462167C09100AC6348 /* OpenSans-LightItalic.ttf in Resources */ = {isa = PBXBuildFile; fileRef = 0529803C2167C09000AC6348 /* OpenSans-LightItalic.ttf */; };
		052980472167C09100AC6348 /* OpenSans-Bold.ttf in Resources */ = {isa = PBXBuildFile; fileRef = 0529803D2167C09000AC6348 /* OpenSans-Bold.ttf */; };
		052980482167C09100AC6348 /* OpenSans-SemiboldItalic.ttf in Resources */ = {isa = PBXBuildFile; fileRef = 0529803E2167C09000AC6348 /* OpenSans-SemiboldItalic.ttf */; };
		052980492167C09100AC6348 /* OpenSans-ExtraBoldItalic.ttf in Resources */ = {isa = PBXBuildFile; fileRef = 0529803F2167C09000AC6348 /* OpenSans-ExtraBoldItalic.ttf */; };
		0529804A2167C09100AC6348 /* OpenSans-Regular.ttf in Resources */ = {isa = PBXBuildFile; fileRef = 052980402167C09000AC6348 /* OpenSans-Regular.ttf */; };
		0529804B2167C09100AC6348 /* OpenSans-BoldItalic.ttf in Resources */ = {isa = PBXBuildFile; fileRef = 052980412167C09000AC6348 /* OpenSans-BoldItalic.ttf */; };
		6C5DAB495E82CC9CD00294F5 /* Pods_Factorial.framework in Frameworks */ = {isa = PBXBuildFile; fileRef = EAB1D0607AE6C5D1DA01E32E /* Pods_Factorial.framework */; };
/* End PBXBuildFile section */

/* Begin PBXFileReference section */
		05297F4D21677E2F00AC6348 /* Factorial.app */ = {isa = PBXFileReference; explicitFileType = wrapper.application; includeInIndex = 0; path = Factorial.app; sourceTree = BUILT_PRODUCTS_DIR; };
		05297F5021677E2F00AC6348 /* AppDelegate.swift */ = {isa = PBXFileReference; lastKnownFileType = sourcecode.swift; path = AppDelegate.swift; sourceTree = "<group>"; };
		05297F5521677E2F00AC6348 /* Base */ = {isa = PBXFileReference; lastKnownFileType = file.storyboard; name = Base; path = Base.lproj/Main.storyboard; sourceTree = "<group>"; };
		05297F5721677E3100AC6348 /* Assets.xcassets */ = {isa = PBXFileReference; lastKnownFileType = folder.assetcatalog; path = Assets.xcassets; sourceTree = "<group>"; };
		05297F5A21677E3100AC6348 /* Base */ = {isa = PBXFileReference; lastKnownFileType = file.storyboard; name = Base; path = Base.lproj/LaunchScreen.storyboard; sourceTree = "<group>"; };
		05297F5C21677E3100AC6348 /* Info.plist */ = {isa = PBXFileReference; lastKnownFileType = text.plist.xml; path = Info.plist; sourceTree = "<group>"; };
		05297F722167965800AC6348 /* FloatPriceFromat.swift */ = {isa = PBXFileReference; fileEncoding = 4; lastKnownFileType = sourcecode.swift; path = FloatPriceFromat.swift; sourceTree = "<group>"; };
		05297F732167965800AC6348 /* StringUtils.swift */ = {isa = PBXFileReference; fileEncoding = 4; lastKnownFileType = sourcecode.swift; path = StringUtils.swift; sourceTree = "<group>"; };
		05297F772167965800AC6348 /* NSDateHelper.swift */ = {isa = PBXFileReference; fileEncoding = 4; lastKnownFileType = sourcecode.swift; path = NSDateHelper.swift; sourceTree = "<group>"; };
		05297F782167965800AC6348 /* UIViewControllerExtension.swift */ = {isa = PBXFileReference; fileEncoding = 4; lastKnownFileType = sourcecode.swift; path = UIViewControllerExtension.swift; sourceTree = "<group>"; };
		05297F792167965800AC6348 /* UIBarButtonItemDefaultButtons.swift */ = {isa = PBXFileReference; fileEncoding = 4; lastKnownFileType = sourcecode.swift; path = UIBarButtonItemDefaultButtons.swift; sourceTree = "<group>"; };
		05297F7A2167965800AC6348 /* UIViewExtensions.swift */ = {isa = PBXFileReference; fileEncoding = 4; lastKnownFileType = sourcecode.swift; path = UIViewExtensions.swift; sourceTree = "<group>"; };
		05297F7B2167965800AC6348 /* StringToDate.swift */ = {isa = PBXFileReference; fileEncoding = 4; lastKnownFileType = sourcecode.swift; path = StringToDate.swift; sourceTree = "<group>"; };
		05297F7C2167965800AC6348 /* NSObjectExtensions.swift */ = {isa = PBXFileReference; fileEncoding = 4; lastKnownFileType = sourcecode.swift; path = NSObjectExtensions.swift; sourceTree = "<group>"; };
		05297F7D2167965800AC6348 /* UINavigationControllerAdditions.swift */ = {isa = PBXFileReference; fileEncoding = 4; lastKnownFileType = sourcecode.swift; path = UINavigationControllerAdditions.swift; sourceTree = "<group>"; };
		05297FB12167965800AC6348 /* StoryboardsEnum.swift */ = {isa = PBXFileReference; fileEncoding = 4; lastKnownFileType = sourcecode.swift; path = StoryboardsEnum.swift; sourceTree = "<group>"; };
		05297FF32167978B00AC6348 /* ApplicationCoordinator.swift */ = {isa = PBXFileReference; fileEncoding = 4; lastKnownFileType = sourcecode.swift; path = ApplicationCoordinator.swift; sourceTree = "<group>"; };
		05297FF42167978B00AC6348 /* BaseCoordinator.swift */ = {isa = PBXFileReference; fileEncoding = 4; lastKnownFileType = sourcecode.swift; path = BaseCoordinator.swift; sourceTree = "<group>"; };
		05297FF92167978B00AC6348 /* DrawerCoordinator.swift */ = {isa = PBXFileReference; fileEncoding = 4; lastKnownFileType = sourcecode.swift; path = DrawerCoordinator.swift; sourceTree = "<group>"; };
		05297FFB2167978B00AC6348 /* AuthCoordinator.swift */ = {isa = PBXFileReference; fileEncoding = 4; lastKnownFileType = sourcecode.swift; path = AuthCoordinator.swift; sourceTree = "<group>"; };
		05297FFC2167978B00AC6348 /* Coordinator.swift */ = {isa = PBXFileReference; fileEncoding = 4; lastKnownFileType = sourcecode.swift; path = Coordinator.swift; sourceTree = "<group>"; };
		05297FFF2167978B00AC6348 /* AppRouter.swift */ = {isa = PBXFileReference; fileEncoding = 4; lastKnownFileType = sourcecode.swift; path = AppRouter.swift; sourceTree = "<group>"; };
		052980002167978B00AC6348 /* NavRouter.swift */ = {isa = PBXFileReference; fileEncoding = 4; lastKnownFileType = sourcecode.swift; path = NavRouter.swift; sourceTree = "<group>"; };
		052980012167978B00AC6348 /* AppRouterImp.swift */ = {isa = PBXFileReference; fileEncoding = 4; lastKnownFileType = sourcecode.swift; path = AppRouterImp.swift; sourceTree = "<group>"; };
		052980022167978B00AC6348 /* SlideRouter.swift */ = {isa = PBXFileReference; fileEncoding = 4; lastKnownFileType = sourcecode.swift; path = SlideRouter.swift; sourceTree = "<group>"; };
		052980032167978B00AC6348 /* Router.swift */ = {isa = PBXFileReference; fileEncoding = 4; lastKnownFileType = sourcecode.swift; path = Router.swift; sourceTree = "<group>"; };
		052980042167978B00AC6348 /* Presentable.swift */ = {isa = PBXFileReference; fileEncoding = 4; lastKnownFileType = sourcecode.swift; path = Presentable.swift; sourceTree = "<group>"; };
		05298013216798AC00AC6348 /* BaseModulFactoryImp.swift */ = {isa = PBXFileReference; fileEncoding = 4; lastKnownFileType = sourcecode.swift; path = BaseModulFactoryImp.swift; sourceTree = "<group>"; };
		05298014216798AC00AC6348 /* AuthModuleFactoryImp.swift */ = {isa = PBXFileReference; fileEncoding = 4; lastKnownFileType = sourcecode.swift; path = AuthModuleFactoryImp.swift; sourceTree = "<group>"; };
		05298015216798AC00AC6348 /* CoordinatorFactoryImp.swift */ = {isa = PBXFileReference; fileEncoding = 4; lastKnownFileType = sourcecode.swift; path = CoordinatorFactoryImp.swift; sourceTree = "<group>"; };
		05298017216798AC00AC6348 /* BaseModulFactory.swift */ = {isa = PBXFileReference; fileEncoding = 4; lastKnownFileType = sourcecode.swift; path = BaseModulFactory.swift; sourceTree = "<group>"; };
		05298018216798AC00AC6348 /* AutModulFactory.swift */ = {isa = PBXFileReference; fileEncoding = 4; lastKnownFileType = sourcecode.swift; path = AutModulFactory.swift; sourceTree = "<group>"; };
		05298019216798AC00AC6348 /* CoordinatorFactory.swift */ = {isa = PBXFileReference; fileEncoding = 4; lastKnownFileType = sourcecode.swift; path = CoordinatorFactory.swift; sourceTree = "<group>"; };
		05298021216799F100AC6348 /* InitialViewController.swift */ = {isa = PBXFileReference; lastKnownFileType = sourcecode.swift; path = InitialViewController.swift; sourceTree = "<group>"; };
		0529802321679A0400AC6348 /* SignUpViewController.swift */ = {isa = PBXFileReference; lastKnownFileType = sourcecode.swift; path = SignUpViewController.swift; sourceTree = "<group>"; };
		0529802521679A1E00AC6348 /* SignInViewController.swift */ = {isa = PBXFileReference; lastKnownFileType = sourcecode.swift; path = SignInViewController.swift; sourceTree = "<group>"; };
		0529802821679BA500AC6348 /* Base */ = {isa = PBXFileReference; lastKnownFileType = file.storyboard; name = Base; path = Base.lproj/Login.storyboard; sourceTree = "<group>"; };
		0529802B2167B22400AC6348 /* HomeViewController.swift */ = {isa = PBXFileReference; fileEncoding = 4; lastKnownFileType = sourcecode.swift; path = HomeViewController.swift; sourceTree = "<group>"; };
		0529802D2167B32000AC6348 /* FolderViewController.swift */ = {isa = PBXFileReference; lastKnownFileType = sourcecode.swift; path = FolderViewController.swift; sourceTree = "<group>"; };
		0529802F2167B37F00AC6348 /* MenuItem.swift */ = {isa = PBXFileReference; fileEncoding = 4; lastKnownFileType = sourcecode.swift; path = MenuItem.swift; sourceTree = "<group>"; };
		052980312167BE0800AC6348 /* MenuViewController.swift */ = {isa = PBXFileReference; fileEncoding = 4; lastKnownFileType = sourcecode.swift; path = MenuViewController.swift; sourceTree = "<group>"; };
		052980342167BE5600AC6348 /* AppConstants.swift */ = {isa = PBXFileReference; fileEncoding = 4; lastKnownFileType = sourcecode.swift; path = AppConstants.swift; sourceTree = "<group>"; };
		052980382167C09000AC6348 /* OpenSans-Semibold.ttf */ = {isa = PBXFileReference; lastKnownFileType = file; path = "OpenSans-Semibold.ttf"; sourceTree = "<group>"; };
		052980392167C09000AC6348 /* OpenSans-Light.ttf */ = {isa = PBXFileReference; lastKnownFileType = file; path = "OpenSans-Light.ttf"; sourceTree = "<group>"; };
		0529803A2167C09000AC6348 /* OpenSans-Italic.ttf */ = {isa = PBXFileReference; lastKnownFileType = file; path = "OpenSans-Italic.ttf"; sourceTree = "<group>"; };
		0529803B2167C09000AC6348 /* OpenSans-ExtraBold.ttf */ = {isa = PBXFileReference; lastKnownFileType = file; path = "OpenSans-ExtraBold.ttf"; sourceTree = "<group>"; };
		0529803C2167C09000AC6348 /* OpenSans-LightItalic.ttf */ = {isa = PBXFileReference; lastKnownFileType = file; path = "OpenSans-LightItalic.ttf"; sourceTree = "<group>"; };
		0529803D2167C09000AC6348 /* OpenSans-Bold.ttf */ = {isa = PBXFileReference; lastKnownFileType = file; path = "OpenSans-Bold.ttf"; sourceTree = "<group>"; };
		0529803E2167C09000AC6348 /* OpenSans-SemiboldItalic.ttf */ = {isa = PBXFileReference; lastKnownFileType = file; path = "OpenSans-SemiboldItalic.ttf"; sourceTree = "<group>"; };
		0529803F2167C09000AC6348 /* OpenSans-ExtraBoldItalic.ttf */ = {isa = PBXFileReference; lastKnownFileType = file; path = "OpenSans-ExtraBoldItalic.ttf"; sourceTree = "<group>"; };
		052980402167C09000AC6348 /* OpenSans-Regular.ttf */ = {isa = PBXFileReference; lastKnownFileType = file; path = "OpenSans-Regular.ttf"; sourceTree = "<group>"; };
		052980412167C09000AC6348 /* OpenSans-BoldItalic.ttf */ = {isa = PBXFileReference; lastKnownFileType = file; path = "OpenSans-BoldItalic.ttf"; sourceTree = "<group>"; };
		077F0F016E49CC34A1807DF6 /* Pods-Factorial.debug.xcconfig */ = {isa = PBXFileReference; includeInIndex = 1; lastKnownFileType = text.xcconfig; name = "Pods-Factorial.debug.xcconfig"; path = "Pods/Target Support Files/Pods-Factorial/Pods-Factorial.debug.xcconfig"; sourceTree = "<group>"; };
		4889BE0F67AC5586E5A72B64 /* Pods-Factorial.release.xcconfig */ = {isa = PBXFileReference; includeInIndex = 1; lastKnownFileType = text.xcconfig; name = "Pods-Factorial.release.xcconfig"; path = "Pods/Target Support Files/Pods-Factorial/Pods-Factorial.release.xcconfig"; sourceTree = "<group>"; };
		EAB1D0607AE6C5D1DA01E32E /* Pods_Factorial.framework */ = {isa = PBXFileReference; explicitFileType = wrapper.framework; includeInIndex = 0; path = Pods_Factorial.framework; sourceTree = BUILT_PRODUCTS_DIR; };
/* End PBXFileReference section */

/* Begin PBXFrameworksBuildPhase section */
		05297F4A21677E2F00AC6348 /* Frameworks */ = {
			isa = PBXFrameworksBuildPhase;
			buildActionMask = 2147483647;
			files = (
				6C5DAB495E82CC9CD00294F5 /* Pods_Factorial.framework in Frameworks */,
			);
			runOnlyForDeploymentPostprocessing = 0;
		};
/* End PBXFrameworksBuildPhase section */

/* Begin PBXGroup section */
		05297F4421677E2F00AC6348 = {
			isa = PBXGroup;
			children = (
				05297F4F21677E2F00AC6348 /* Factorial */,
				05297F4E21677E2F00AC6348 /* Products */,
				FD57A8F9463DB77ADA6FC6E2 /* Pods */,
				DE1BFEBB8D4BD481D4DA6178 /* Frameworks */,
			);
			sourceTree = "<group>";
		};
		05297F4E21677E2F00AC6348 /* Products */ = {
			isa = PBXGroup;
			children = (
				05297F4D21677E2F00AC6348 /* Factorial.app */,
			);
			name = Products;
			sourceTree = "<group>";
		};
		05297F4F21677E2F00AC6348 /* Factorial */ = {
			isa = PBXGroup;
			children = (
				05297F5021677E2F00AC6348 /* AppDelegate.swift */,
				05297F652167965800AC6348 /* Shared */,
				05297F622167950E00AC6348 /* Controllers */,
				05297F5421677E2F00AC6348 /* Main.storyboard */,
				0529802721679BA500AC6348 /* Login.storyboard */,
				05297F5721677E3100AC6348 /* Assets.xcassets */,
				05297F5921677E3100AC6348 /* LaunchScreen.storyboard */,
				05297F5C21677E3100AC6348 /* Info.plist */,
			);
			path = Factorial;
			sourceTree = "<group>";
		};
		05297F622167950E00AC6348 /* Controllers */ = {
			isa = PBXGroup;
			children = (
				0529802A2167B22400AC6348 /* Main */,
				05298020216799DB00AC6348 /* Login */,
			);
			path = Controllers;
			sourceTree = "<group>";
		};
		05297F652167965800AC6348 /* Shared */ = {
			isa = PBXGroup;
			children = (
				052980362167C09000AC6348 /* Fonts */,
				052980332167BE5600AC6348 /* Constants */,
				05298011216798AC00AC6348 /* Factories */,
				05297FF22167978B00AC6348 /* Coordinators */,
				05297FFD2167978B00AC6348 /* Routers */,
				05297F712167965800AC6348 /* Extension */,
				05297FB02167965800AC6348 /* Enum */,
			);
			path = Shared;
			sourceTree = "<group>";
		};
		05297F712167965800AC6348 /* Extension */ = {
			isa = PBXGroup;
			children = (
				05297F722167965800AC6348 /* FloatPriceFromat.swift */,
				05297F732167965800AC6348 /* StringUtils.swift */,
				05297F772167965800AC6348 /* NSDateHelper.swift */,
				05297F782167965800AC6348 /* UIViewControllerExtension.swift */,
				05297F792167965800AC6348 /* UIBarButtonItemDefaultButtons.swift */,
				05297F7A2167965800AC6348 /* UIViewExtensions.swift */,
				05297F7B2167965800AC6348 /* StringToDate.swift */,
				05297F7C2167965800AC6348 /* NSObjectExtensions.swift */,
				05297F7D2167965800AC6348 /* UINavigationControllerAdditions.swift */,
			);
			path = Extension;
			sourceTree = "<group>";
		};
		05297FB02167965800AC6348 /* Enum */ = {
			isa = PBXGroup;
			children = (
				0529802F2167B37F00AC6348 /* MenuItem.swift */,
				05297FB12167965800AC6348 /* StoryboardsEnum.swift */,
			);
			path = Enum;
			sourceTree = "<group>";
		};
		05297FF22167978B00AC6348 /* Coordinators */ = {
			isa = PBXGroup;
			children = (
				05297FF32167978B00AC6348 /* ApplicationCoordinator.swift */,
				05297FF42167978B00AC6348 /* BaseCoordinator.swift */,
				05297FF52167978B00AC6348 /* Flows */,
				05297FFC2167978B00AC6348 /* Coordinator.swift */,
			);
			path = Coordinators;
			sourceTree = "<group>";
		};
		05297FF52167978B00AC6348 /* Flows */ = {
			isa = PBXGroup;
			children = (
				05297FF62167978B00AC6348 /* Main */,
				05297FFA2167978B00AC6348 /* Login */,
			);
			path = Flows;
			sourceTree = "<group>";
		};
		05297FF62167978B00AC6348 /* Main */ = {
			isa = PBXGroup;
			children = (
				05297FF92167978B00AC6348 /* DrawerCoordinator.swift */,
			);
			path = Main;
			sourceTree = "<group>";
		};
		05297FFA2167978B00AC6348 /* Login */ = {
			isa = PBXGroup;
			children = (
				05297FFB2167978B00AC6348 /* AuthCoordinator.swift */,
			);
			path = Login;
			sourceTree = "<group>";
		};
		05297FFD2167978B00AC6348 /* Routers */ = {
			isa = PBXGroup;
			children = (
				05297FFE2167978B00AC6348 /* AppRouter */,
				052980042167978B00AC6348 /* Presentable.swift */,
			);
			path = Routers;
			sourceTree = "<group>";
		};
		05297FFE2167978B00AC6348 /* AppRouter */ = {
			isa = PBXGroup;
			children = (
				05297FFF2167978B00AC6348 /* AppRouter.swift */,
				052980002167978B00AC6348 /* NavRouter.swift */,
				052980012167978B00AC6348 /* AppRouterImp.swift */,
				052980022167978B00AC6348 /* SlideRouter.swift */,
				052980032167978B00AC6348 /* Router.swift */,
			);
			path = AppRouter;
			sourceTree = "<group>";
		};
		05298011216798AC00AC6348 /* Factories */ = {
			isa = PBXGroup;
			children = (
				05298012216798AC00AC6348 /* Imp */,
				05298016216798AC00AC6348 /* Protocols */,
			);
			path = Factories;
			sourceTree = "<group>";
		};
		05298012216798AC00AC6348 /* Imp */ = {
			isa = PBXGroup;
			children = (
				05298013216798AC00AC6348 /* BaseModulFactoryImp.swift */,
				05298014216798AC00AC6348 /* AuthModuleFactoryImp.swift */,
				05298015216798AC00AC6348 /* CoordinatorFactoryImp.swift */,
			);
			path = Imp;
			sourceTree = "<group>";
		};
		05298016216798AC00AC6348 /* Protocols */ = {
			isa = PBXGroup;
			children = (
				05298017216798AC00AC6348 /* BaseModulFactory.swift */,
				05298018216798AC00AC6348 /* AutModulFactory.swift */,
				05298019216798AC00AC6348 /* CoordinatorFactory.swift */,
			);
			path = Protocols;
			sourceTree = "<group>";
		};
		05298020216799DB00AC6348 /* Login */ = {
			isa = PBXGroup;
			children = (
				05298021216799F100AC6348 /* InitialViewController.swift */,
				0529802321679A0400AC6348 /* SignUpViewController.swift */,
				0529802521679A1E00AC6348 /* SignInViewController.swift */,
			);
			path = Login;
			sourceTree = "<group>";
		};
		0529802A2167B22400AC6348 /* Main */ = {
			isa = PBXGroup;
			children = (
				0529802B2167B22400AC6348 /* HomeViewController.swift */,
				052980312167BE0800AC6348 /* MenuViewController.swift */,
				0529802D2167B32000AC6348 /* FolderViewController.swift */,
			);
			path = Main;
			sourceTree = "<group>";
		};
		052980332167BE5600AC6348 /* Constants */ = {
			isa = PBXGroup;
			children = (
				052980342167BE5600AC6348 /* AppConstants.swift */,
			);
			path = Constants;
			sourceTree = "<group>";
		};
		052980362167C09000AC6348 /* Fonts */ = {
			isa = PBXGroup;
			children = (
				052980372167C09000AC6348 /* OpenSans */,
			);
			path = Fonts;
			sourceTree = "<group>";
		};
		052980372167C09000AC6348 /* OpenSans */ = {
			isa = PBXGroup;
			children = (
				052980382167C09000AC6348 /* OpenSans-Semibold.ttf */,
				052980392167C09000AC6348 /* OpenSans-Light.ttf */,
				0529803A2167C09000AC6348 /* OpenSans-Italic.ttf */,
				0529803B2167C09000AC6348 /* OpenSans-ExtraBold.ttf */,
				0529803C2167C09000AC6348 /* OpenSans-LightItalic.ttf */,
				0529803D2167C09000AC6348 /* OpenSans-Bold.ttf */,
				0529803E2167C09000AC6348 /* OpenSans-SemiboldItalic.ttf */,
				0529803F2167C09000AC6348 /* OpenSans-ExtraBoldItalic.ttf */,
				052980402167C09000AC6348 /* OpenSans-Regular.ttf */,
				052980412167C09000AC6348 /* OpenSans-BoldItalic.ttf */,
			);
			path = OpenSans;
			sourceTree = "<group>";
		};
		DE1BFEBB8D4BD481D4DA6178 /* Frameworks */ = {
			isa = PBXGroup;
			children = (
				EAB1D0607AE6C5D1DA01E32E /* Pods_Factorial.framework */,
			);
			name = Frameworks;
			sourceTree = "<group>";
		};
		FD57A8F9463DB77ADA6FC6E2 /* Pods */ = {
			isa = PBXGroup;
			children = (
				077F0F016E49CC34A1807DF6 /* Pods-Factorial.debug.xcconfig */,
				4889BE0F67AC5586E5A72B64 /* Pods-Factorial.release.xcconfig */,
			);
			name = Pods;
			sourceTree = "<group>";
		};
/* End PBXGroup section */

/* Begin PBXNativeTarget section */
		05297F4C21677E2F00AC6348 /* Factorial */ = {
			isa = PBXNativeTarget;
			buildConfigurationList = 05297F5F21677E3100AC6348 /* Build configuration list for PBXNativeTarget "Factorial" */;
			buildPhases = (
				1F1CBE88AF4359FF35657411 /* [CP] Check Pods Manifest.lock */,
				05297F4921677E2F00AC6348 /* Sources */,
				05297F4A21677E2F00AC6348 /* Frameworks */,
				05297F4B21677E2F00AC6348 /* Resources */,
				26E2D6A4C5160CD7905804EF /* [CP] Embed Pods Frameworks */,
				63EE275FE2836C04256560DD /* [CP] Copy Pods Resources */,
			);
			buildRules = (
			);
			dependencies = (
			);
			name = Factorial;
			productName = Factorial;
			productReference = 05297F4D21677E2F00AC6348 /* Factorial.app */;
			productType = "com.apple.product-type.application";
		};
/* End PBXNativeTarget section */

/* Begin PBXProject section */
		05297F4521677E2F00AC6348 /* Project object */ = {
			isa = PBXProject;
			attributes = {
				LastSwiftUpdateCheck = 1000;
				LastUpgradeCheck = 1000;
				ORGANIZATIONNAME = Mnats;
				TargetAttributes = {
					05297F4C21677E2F00AC6348 = {
						CreatedOnToolsVersion = 10.0;
					};
				};
			};
			buildConfigurationList = 05297F4821677E2F00AC6348 /* Build configuration list for PBXProject "Factorial" */;
			compatibilityVersion = "Xcode 9.3";
			developmentRegion = en;
			hasScannedForEncodings = 0;
			knownRegions = (
				en,
				Base,
			);
			mainGroup = 05297F4421677E2F00AC6348;
			productRefGroup = 05297F4E21677E2F00AC6348 /* Products */;
			projectDirPath = "";
			projectRoot = "";
			targets = (
				05297F4C21677E2F00AC6348 /* Factorial */,
			);
		};
/* End PBXProject section */

/* Begin PBXResourcesBuildPhase section */
		05297F4B21677E2F00AC6348 /* Resources */ = {
			isa = PBXResourcesBuildPhase;
			buildActionMask = 2147483647;
			files = (
				052980432167C09100AC6348 /* OpenSans-Light.ttf in Resources */,
				0529802921679BA500AC6348 /* Login.storyboard in Resources */,
				05297F5B21677E3100AC6348 /* LaunchScreen.storyboard in Resources */,
				052980452167C09100AC6348 /* OpenSans-ExtraBold.ttf in Resources */,
				05297F5821677E3100AC6348 /* Assets.xcassets in Resources */,
				05297F5621677E2F00AC6348 /* Main.storyboard in Resources */,
				052980422167C09100AC6348 /* OpenSans-Semibold.ttf in Resources */,
				052980492167C09100AC6348 /* OpenSans-ExtraBoldItalic.ttf in Resources */,
				052980442167C09100AC6348 /* OpenSans-Italic.ttf in Resources */,
				052980472167C09100AC6348 /* OpenSans-Bold.ttf in Resources */,
				0529804B2167C09100AC6348 /* OpenSans-BoldItalic.ttf in Resources */,
				052980462167C09100AC6348 /* OpenSans-LightItalic.ttf in Resources */,
				0529804A2167C09100AC6348 /* OpenSans-Regular.ttf in Resources */,
				052980482167C09100AC6348 /* OpenSans-SemiboldItalic.ttf in Resources */,
			);
			runOnlyForDeploymentPostprocessing = 0;
		};
/* End PBXResourcesBuildPhase section */

/* Begin PBXShellScriptBuildPhase section */
		1F1CBE88AF4359FF35657411 /* [CP] Check Pods Manifest.lock */ = {
			isa = PBXShellScriptBuildPhase;
			buildActionMask = 2147483647;
			files = (
			);
			inputPaths = (
				"${PODS_PODFILE_DIR_PATH}/Podfile.lock",
				"${PODS_ROOT}/Manifest.lock",
			);
			name = "[CP] Check Pods Manifest.lock";
			outputPaths = (
				"$(DERIVED_FILE_DIR)/Pods-Factorial-checkManifestLockResult.txt",
			);
			runOnlyForDeploymentPostprocessing = 0;
			shellPath = /bin/sh;
			shellScript = "diff \"${PODS_PODFILE_DIR_PATH}/Podfile.lock\" \"${PODS_ROOT}/Manifest.lock\" > /dev/null\nif [ $? != 0 ] ; then\n    # print error to STDERR\n    echo \"error: The sandbox is not in sync with the Podfile.lock. Run 'pod install' or update your CocoaPods installation.\" >&2\n    exit 1\nfi\n# This output is used by Xcode 'outputs' to avoid re-running this script phase.\necho \"SUCCESS\" > \"${SCRIPT_OUTPUT_FILE_0}\"\n";
			showEnvVarsInLog = 0;
		};
		26E2D6A4C5160CD7905804EF /* [CP] Embed Pods Frameworks */ = {
			isa = PBXShellScriptBuildPhase;
			buildActionMask = 2147483647;
			files = (
			);
			inputPaths = (
				"${SRCROOT}/Pods/Target Support Files/Pods-Factorial/Pods-Factorial-frameworks.sh",
				"${BUILT_PRODUCTS_DIR}/Alamofire/Alamofire.framework",
				"${BUILT_PRODUCTS_DIR}/SwiftyJSON/SwiftyJSON.framework",
			);
			name = "[CP] Embed Pods Frameworks";
			outputPaths = (
				"${TARGET_BUILD_DIR}/${FRAMEWORKS_FOLDER_PATH}/Alamofire.framework",
				"${TARGET_BUILD_DIR}/${FRAMEWORKS_FOLDER_PATH}/SwiftyJSON.framework",
			);
			runOnlyForDeploymentPostprocessing = 0;
			shellPath = /bin/sh;
			shellScript = "\"${SRCROOT}/Pods/Target Support Files/Pods-Factorial/Pods-Factorial-frameworks.sh\"\n";
			showEnvVarsInLog = 0;
		};
		63EE275FE2836C04256560DD /* [CP] Copy Pods Resources */ = {
			isa = PBXShellScriptBuildPhase;
			buildActionMask = 2147483647;
			files = (
			);
			inputPaths = (
			);
			name = "[CP] Copy Pods Resources";
			outputPaths = (
			);
			runOnlyForDeploymentPostprocessing = 0;
			shellPath = /bin/sh;
			shellScript = "\"${SRCROOT}/Pods/Target Support Files/Pods-Factorial/Pods-Factorial-resources.sh\"\n";
			showEnvVarsInLog = 0;
		};
/* End PBXShellScriptBuildPhase section */

/* Begin PBXSourcesBuildPhase section */
		05297F4921677E2F00AC6348 /* Sources */ = {
			isa = PBXSourcesBuildPhase;
			buildActionMask = 2147483647;
			files = (
				05297FC72167965800AC6348 /* UIBarButtonItemDefaultButtons.swift in Sources */,
				0529801E216798AC00AC6348 /* AutModulFactory.swift in Sources */,
				05297FC12167965800AC6348 /* FloatPriceFromat.swift in Sources */,
				05297FCA2167965800AC6348 /* NSObjectExtensions.swift in Sources */,
				0529802E2167B32000AC6348 /* FolderViewController.swift in Sources */,
				0529800F2167978B00AC6348 /* Router.swift in Sources */,
				05297FEB2167965800AC6348 /* StoryboardsEnum.swift in Sources */,
				052980062167978B00AC6348 /* BaseCoordinator.swift in Sources */,
				0529801C216798AC00AC6348 /* CoordinatorFactoryImp.swift in Sources */,
				0529801B216798AC00AC6348 /* AuthModuleFactoryImp.swift in Sources */,
				05297F5121677E2F00AC6348 /* AppDelegate.swift in Sources */,
				052980082167978B00AC6348 /* DrawerCoordinator.swift in Sources */,
				052980102167978B00AC6348 /* Presentable.swift in Sources */,
				0529800A2167978B00AC6348 /* Coordinator.swift in Sources */,
				052980352167BE5600AC6348 /* AppConstants.swift in Sources */,
				052980052167978B00AC6348 /* ApplicationCoordinator.swift in Sources */,
				0529802C2167B22400AC6348 /* HomeViewController.swift in Sources */,
				0529800E2167978B00AC6348 /* SlideRouter.swift in Sources */,
				05297FC92167965800AC6348 /* StringToDate.swift in Sources */,
				052980302167B37F00AC6348 /* MenuItem.swift in Sources */,
				0529802621679A1E00AC6348 /* SignInViewController.swift in Sources */,
				05297FC22167965800AC6348 /* StringUtils.swift in Sources */,
				05297FC82167965800AC6348 /* UIViewExtensions.swift in Sources */,
				05297FC52167965800AC6348 /* NSDateHelper.swift in Sources */,
				0529801A216798AC00AC6348 /* BaseModulFactoryImp.swift in Sources */,
				05297FCB2167965800AC6348 /* UINavigationControllerAdditions.swift in Sources */,
				052980092167978B00AC6348 /* AuthCoordinator.swift in Sources */,
				0529800D2167978B00AC6348 /* AppRouterImp.swift in Sources */,
				0529800B2167978B00AC6348 /* AppRouter.swift in Sources */,
				0529802421679A0400AC6348 /* SignUpViewController.swift in Sources */,
				0529801D216798AC00AC6348 /* BaseModulFactory.swift in Sources */,
				052980322167BE0800AC6348 /* MenuViewController.swift in Sources */,
				0529800C2167978B00AC6348 /* NavRouter.swift in Sources */,
				05297FC62167965800AC6348 /* UIViewControllerExtension.swift in Sources */,
				05298022216799F100AC6348 /* InitialViewController.swift in Sources */,
				0529801F216798AC00AC6348 /* CoordinatorFactory.swift in Sources */,
			);
			runOnlyForDeploymentPostprocessing = 0;
		};
/* End PBXSourcesBuildPhase section */

/* Begin PBXVariantGroup section */
		05297F5421677E2F00AC6348 /* Main.storyboard */ = {
			isa = PBXVariantGroup;
			children = (
				05297F5521677E2F00AC6348 /* Base */,
			);
			name = Main.storyboard;
			sourceTree = "<group>";
		};
		05297F5921677E3100AC6348 /* LaunchScreen.storyboard */ = {
			isa = PBXVariantGroup;
			children = (
				05297F5A21677E3100AC6348 /* Base */,
			);
			name = LaunchScreen.storyboard;
			sourceTree = "<group>";
		};
		0529802721679BA500AC6348 /* Login.storyboard */ = {
			isa = PBXVariantGroup;
			children = (
				0529802821679BA500AC6348 /* Base */,
			);
			name = Login.storyboard;
			sourceTree = "<group>";
		};
/* End PBXVariantGroup section */

/* Begin XCBuildConfiguration section */
		05297F5D21677E3100AC6348 /* Debug */ = {
			isa = XCBuildConfiguration;
			buildSettings = {
				ALWAYS_SEARCH_USER_PATHS = NO;
				CLANG_ANALYZER_NONNULL = YES;
				CLANG_ANALYZER_NUMBER_OBJECT_CONVERSION = YES_AGGRESSIVE;
				CLANG_CXX_LANGUAGE_STANDARD = "gnu++14";
				CLANG_CXX_LIBRARY = "libc++";
				CLANG_ENABLE_MODULES = YES;
				CLANG_ENABLE_OBJC_ARC = YES;
				CLANG_ENABLE_OBJC_WEAK = YES;
				CLANG_WARN_BLOCK_CAPTURE_AUTORELEASING = YES;
				CLANG_WARN_BOOL_CONVERSION = YES;
				CLANG_WARN_COMMA = YES;
				CLANG_WARN_CONSTANT_CONVERSION = YES;
				CLANG_WARN_DEPRECATED_OBJC_IMPLEMENTATIONS = YES;
				CLANG_WARN_DIRECT_OBJC_ISA_USAGE = YES_ERROR;
				CLANG_WARN_DOCUMENTATION_COMMENTS = YES;
				CLANG_WARN_EMPTY_BODY = YES;
				CLANG_WARN_ENUM_CONVERSION = YES;
				CLANG_WARN_INFINITE_RECURSION = YES;
				CLANG_WARN_INT_CONVERSION = YES;
				CLANG_WARN_NON_LITERAL_NULL_CONVERSION = YES;
				CLANG_WARN_OBJC_IMPLICIT_RETAIN_SELF = YES;
				CLANG_WARN_OBJC_LITERAL_CONVERSION = YES;
				CLANG_WARN_OBJC_ROOT_CLASS = YES_ERROR;
				CLANG_WARN_RANGE_LOOP_ANALYSIS = YES;
				CLANG_WARN_STRICT_PROTOTYPES = YES;
				CLANG_WARN_SUSPICIOUS_MOVE = YES;
				CLANG_WARN_UNGUARDED_AVAILABILITY = YES_AGGRESSIVE;
				CLANG_WARN_UNREACHABLE_CODE = YES;
				CLANG_WARN__DUPLICATE_METHOD_MATCH = YES;
				CODE_SIGN_IDENTITY = "iPhone Developer";
				COPY_PHASE_STRIP = NO;
				DEBUG_INFORMATION_FORMAT = dwarf;
				ENABLE_STRICT_OBJC_MSGSEND = YES;
				ENABLE_TESTABILITY = YES;
				GCC_C_LANGUAGE_STANDARD = gnu11;
				GCC_DYNAMIC_NO_PIC = NO;
				GCC_NO_COMMON_BLOCKS = YES;
				GCC_OPTIMIZATION_LEVEL = 0;
				GCC_PREPROCESSOR_DEFINITIONS = (
					"DEBUG=1",
					"$(inherited)",
				);
				GCC_WARN_64_TO_32_BIT_CONVERSION = YES;
				GCC_WARN_ABOUT_RETURN_TYPE = YES_ERROR;
				GCC_WARN_UNDECLARED_SELECTOR = YES;
				GCC_WARN_UNINITIALIZED_AUTOS = YES_AGGRESSIVE;
				GCC_WARN_UNUSED_FUNCTION = YES;
				GCC_WARN_UNUSED_VARIABLE = YES;
				IPHONEOS_DEPLOYMENT_TARGET = 12.0;
				MTL_ENABLE_DEBUG_INFO = INCLUDE_SOURCE;
				MTL_FAST_MATH = YES;
				ONLY_ACTIVE_ARCH = YES;
				SDKROOT = iphoneos;
				SWIFT_ACTIVE_COMPILATION_CONDITIONS = DEBUG;
				SWIFT_OPTIMIZATION_LEVEL = "-Onone";
			};
			name = Debug;
		};
		05297F5E21677E3100AC6348 /* Release */ = {
			isa = XCBuildConfiguration;
			buildSettings = {
				ALWAYS_SEARCH_USER_PATHS = NO;
				CLANG_ANALYZER_NONNULL = YES;
				CLANG_ANALYZER_NUMBER_OBJECT_CONVERSION = YES_AGGRESSIVE;
				CLANG_CXX_LANGUAGE_STANDARD = "gnu++14";
				CLANG_CXX_LIBRARY = "libc++";
				CLANG_ENABLE_MODULES = YES;
				CLANG_ENABLE_OBJC_ARC = YES;
				CLANG_ENABLE_OBJC_WEAK = YES;
				CLANG_WARN_BLOCK_CAPTURE_AUTORELEASING = YES;
				CLANG_WARN_BOOL_CONVERSION = YES;
				CLANG_WARN_COMMA = YES;
				CLANG_WARN_CONSTANT_CONVERSION = YES;
				CLANG_WARN_DEPRECATED_OBJC_IMPLEMENTATIONS = YES;
				CLANG_WARN_DIRECT_OBJC_ISA_USAGE = YES_ERROR;
				CLANG_WARN_DOCUMENTATION_COMMENTS = YES;
				CLANG_WARN_EMPTY_BODY = YES;
				CLANG_WARN_ENUM_CONVERSION = YES;
				CLANG_WARN_INFINITE_RECURSION = YES;
				CLANG_WARN_INT_CONVERSION = YES;
				CLANG_WARN_NON_LITERAL_NULL_CONVERSION = YES;
				CLANG_WARN_OBJC_IMPLICIT_RETAIN_SELF = YES;
				CLANG_WARN_OBJC_LITERAL_CONVERSION = YES;
				CLANG_WARN_OBJC_ROOT_CLASS = YES_ERROR;
				CLANG_WARN_RANGE_LOOP_ANALYSIS = YES;
				CLANG_WARN_STRICT_PROTOTYPES = YES;
				CLANG_WARN_SUSPICIOUS_MOVE = YES;
				CLANG_WARN_UNGUARDED_AVAILABILITY = YES_AGGRESSIVE;
				CLANG_WARN_UNREACHABLE_CODE = YES;
				CLANG_WARN__DUPLICATE_METHOD_MATCH = YES;
				CODE_SIGN_IDENTITY = "iPhone Developer";
				COPY_PHASE_STRIP = NO;
				DEBUG_INFORMATION_FORMAT = "dwarf-with-dsym";
				ENABLE_NS_ASSERTIONS = NO;
				ENABLE_STRICT_OBJC_MSGSEND = YES;
				GCC_C_LANGUAGE_STANDARD = gnu11;
				GCC_NO_COMMON_BLOCKS = YES;
				GCC_WARN_64_TO_32_BIT_CONVERSION = YES;
				GCC_WARN_ABOUT_RETURN_TYPE = YES_ERROR;
				GCC_WARN_UNDECLARED_SELECTOR = YES;
				GCC_WARN_UNINITIALIZED_AUTOS = YES_AGGRESSIVE;
				GCC_WARN_UNUSED_FUNCTION = YES;
				GCC_WARN_UNUSED_VARIABLE = YES;
				IPHONEOS_DEPLOYMENT_TARGET = 12.0;
				MTL_ENABLE_DEBUG_INFO = NO;
				MTL_FAST_MATH = YES;
				SDKROOT = iphoneos;
				SWIFT_COMPILATION_MODE = wholemodule;
				SWIFT_OPTIMIZATION_LEVEL = "-O";
				VALIDATE_PRODUCT = YES;
			};
			name = Release;
		};
		05297F6021677E3100AC6348 /* Debug */ = {
			isa = XCBuildConfiguration;
			baseConfigurationReference = 077F0F016E49CC34A1807DF6 /* Pods-Factorial.debug.xcconfig */;
			buildSettings = {
				ASSETCATALOG_COMPILER_APPICON_NAME = AppIcon;
				CODE_SIGN_STYLE = Automatic;
				DEVELOPMENT_TEAM = L3B5JT55H4;
				INFOPLIST_FILE = Factorial/Info.plist;
				LD_RUNPATH_SEARCH_PATHS = (
					"$(inherited)",
					"@executable_path/Frameworks",
				);
				PRODUCT_BUNDLE_IDENTIFIER = com.testcome.Factorial;
				PRODUCT_NAME = "$(TARGET_NAME)";
				SWIFT_VERSION = 4.2;
				TARGETED_DEVICE_FAMILY = "1,2";
			};
			name = Debug;
		};
		05297F6121677E3100AC6348 /* Release */ = {
			isa = XCBuildConfiguration;
			baseConfigurationReference = 4889BE0F67AC5586E5A72B64 /* Pods-Factorial.release.xcconfig */;
			buildSettings = {
				ASSETCATALOG_COMPILER_APPICON_NAME = AppIcon;
				CODE_SIGN_STYLE = Automatic;
				DEVELOPMENT_TEAM = L3B5JT55H4;
				INFOPLIST_FILE = Factorial/Info.plist;
				LD_RUNPATH_SEARCH_PATHS = (
					"$(inherited)",
					"@executable_path/Frameworks",
				);
				PRODUCT_BUNDLE_IDENTIFIER = com.testcome.Factorial;
				PRODUCT_NAME = "$(TARGET_NAME)";
				SWIFT_VERSION = 4.2;
				TARGETED_DEVICE_FAMILY = "1,2";
			};
			name = Release;
		};
/* End XCBuildConfiguration section */

/* Begin XCConfigurationList section */
		05297F4821677E2F00AC6348 /* Build configuration list for PBXProject "Factorial" */ = {
			isa = XCConfigurationList;
			buildConfigurations = (
				05297F5D21677E3100AC6348 /* Debug */,
				05297F5E21677E3100AC6348 /* Release */,
			);
			defaultConfigurationIsVisible = 0;
			defaultConfigurationName = Release;
		};
		05297F5F21677E3100AC6348 /* Build configuration list for PBXNativeTarget "Factorial" */ = {
			isa = XCConfigurationList;
			buildConfigurations = (
				05297F6021677E3100AC6348 /* Debug */,
				05297F6121677E3100AC6348 /* Release */,
			);
			defaultConfigurationIsVisible = 0;
			defaultConfigurationName = Release;
		};
/* End XCConfigurationList section */
	};
	rootObject = 05297F4521677E2F00AC6348 /* Project object */;
}
